
Microsoft Visual Studio Solution File, Format Version 12.00
# Visual Studio Version 16
VisualStudioVersion = 16.0.32407.337
MinimumVisualStudioVersion = 10.0.40219.1
Project("{9A19103F-16F7-4668-BE54-9A1E7A4F7556}") = "ProductList.Common", "ProductList.Common\ProductList.Common.csproj", "{C0C7759F-46BA-423B-A3C0-B49577614411}"
EndProject
Project("{9A19103F-16F7-4668-BE54-9A1E7A4F7556}") = "ProductList.Model", "ProductList.Model\ProductList.Model.csproj", "{547348C8-0848-4755-A11D-8174B243C473}"
EndProject
Project("{9A19103F-16F7-4668-BE54-9A1E7A4F7556}") = "ProductList.Repository", "ProductList.Repository\ProductList.Repository.csproj", "{FC13CE92-AC10-4F63-95E6-75EE7A45243E}"
EndProject
Project("{9A19103F-16F7-4668-BE54-9A1E7A4F7556}") = "ProductList.Service", "ProductList.Service\ProductList.Service.csproj", "{5E0404B6-C296-456F-BD7C-B3A3CAAC3E50}"
EndProject
Project("{9A19103F-16F7-4668-BE54-9A1E7A4F7556}") = "ProductList.Service.UniTests", "ProductList.Service.UniTests\ProductList.Service.UniTests.csproj", "{8F9A5A37-0FF3-446B-A343-33D3D1C5B0A4}"
EndProject
Project("{9A19103F-16F7-4668-BE54-9A1E7A4F7556}") = "ProductListAPI", "ProductListAPI\ProductListAPI.csproj", "{B3D8E984-7AC5-4186-B130-E263922EF3A3}"
EndProject
Project("{9A19103F-16F7-4668-BE54-9A1E7A4F7556}") = "ProductListUI", "ProductListUI\ProductListUI.csproj", "{ADA33895-58DF-4D04-831B-B888A5E8CCFB}"
EndProject
Global
	GlobalSection(SolutionConfigurationPlatforms) = preSolution
		Debug|Any CPU = Debug|Any CPU
		Release|Any CPU = Release|Any CPU
	EndGlobalSection
	GlobalSection(ProjectConfigurationPlatforms) = postSolution
		{C0C7759F-46BA-423B-A3C0-B49577614411}.Debug|Any CPU.ActiveCfg = Debug|Any CPU
		{C0C7759F-46BA-423B-A3C0-B49577614411}.Debug|Any CPU.Build.0 = Debug|Any CPU
		{C0C7759F-46BA-423B-A3C0-B49577614411}.Release|Any CPU.ActiveCfg = Release|Any CPU
		{C0C7759F-46BA-423B-A3C0-B49577614411}.Release|Any CPU.Build.0 = Release|Any CPU
		{547348C8-0848-4755-A11D-8174B243C473}.Debug|Any CPU.ActiveCfg = Debug|Any CPU
		{547348C8-0848-4755-A11D-8174B243C473}.Debug|Any CPU.Build.0 = Debug|Any CPU
		{547348C8-0848-4755-A11D-8174B243C473}.Release|Any CPU.ActiveCfg = Release|Any CPU
		{547348C8-0848-4755-A11D-8174B243C473}.Release|Any CPU.Build.0 = Release|Any CPU
		{FC13CE92-AC10-4F63-95E6-75EE7A45243E}.Debug|Any CPU.ActiveCfg = Debug|Any CPU
		{FC13CE92-AC10-4F63-95E6-75EE7A45243E}.Debug|Any CPU.Build.0 = Debug|Any CPU
		{FC13CE92-AC10-4F63-95E6-75EE7A45243E}.Release|Any CPU.ActiveCfg = Release|Any CPU
		{FC13CE92-AC10-4F63-95E6-75EE7A45243E}.Release|Any CPU.Build.0 = Release|Any CPU
		{5E0404B6-C296-456F-BD7C-B3A3CAAC3E50}.Debug|Any CPU.ActiveCfg = Debug|Any CPU
		{5E0404B6-C296-456F-BD7C-B3A3CAAC3E50}.Debug|Any CPU.Build.0 = Debug|Any CPU
		{5E0404B6-C296-456F-BD7C-B3A3CAAC3E50}.Release|Any CPU.ActiveCfg = Release|Any CPU
		{5E0404B6-C296-456F-BD7C-B3A3CAAC3E50}.Release|Any CPU.Build.0 = Release|Any CPU
		{8F9A5A37-0FF3-446B-A343-33D3D1C5B0A4}.Debug|Any CPU.ActiveCfg = Debug|Any CPU
		{8F9A5A37-0FF3-446B-A343-33D3D1C5B0A4}.Debug|Any CPU.Build.0 = Debug|Any CPU
		{8F9A5A37-0FF3-446B-A343-33D3D1C5B0A4}.Release|Any CPU.ActiveCfg = Release|Any CPU
		{8F9A5A37-0FF3-446B-A343-33D3D1C5B0A4}.Release|Any CPU.Build.0 = Release|Any CPU
		{B3D8E984-7AC5-4186-B130-E263922EF3A3}.Debug|Any CPU.ActiveCfg = Debug|Any CPU
		{B3D8E984-7AC5-4186-B130-E263922EF3A3}.Debug|Any CPU.Build.0 = Debug|Any CPU
		{B3D8E984-7AC5-4186-B130-E263922EF3A3}.Release|Any CPU.ActiveCfg = Release|Any CPU
		{B3D8E984-7AC5-4186-B130-E263922EF3A3}.Release|Any CPU.Build.0 = Release|Any CPU
		{ADA33895-58DF-4D04-831B-B888A5E8CCFB}.Debug|Any CPU.ActiveCfg = Debug|Any CPU
		{ADA33895-58DF-4D04-831B-B888A5E8CCFB}.Debug|Any CPU.Build.0 = Debug|Any CPU
		{ADA33895-58DF-4D04-831B-B888A5E8CCFB}.Release|Any CPU.ActiveCfg = Release|Any CPU
		{ADA33895-58DF-4D04-831B-B888A5E8CCFB}.Release|Any CPU.Build.0 = Release|Any CPU
	EndGlobalSection
	GlobalSection(SolutionProperties) = preSolution
		HideSolutionNode = FALSE
	EndGlobalSection
	GlobalSection(ExtensibilityGlobals) = postSolution
		SolutionGuid = {FE65B861-8AD4-4FAB-A539-1E5EC667ED1B}
	EndGlobalSection
EndGlobal
